{
  "version": 4,
  "terraform_version": "1.2.2",
  "serial": 46,
  "lineage": "8b31c937-c88e-67b8-eaf8-fa1b2c77b099",
  "outputs": {},
  "resources": [
    {
      "mode": "managed",
      "type": "aws_instance",
      "name": "ec2_group7",
      "provider": "provider[\"registry.terraform.io/hashicorp/aws\"]",
      "instances": [
        {
          "schema_version": 1,
          "attributes": {
            "ami": "ami-07c1207a9d40bc3bd",
            "arn": "arn:aws:ec2:us-east-2:984163881352:instance/i-0e91310424eb75da3",
            "associate_public_ip_address": true,
            "availability_zone": "us-east-2c",
            "capacity_reservation_specification": [
              {
                "capacity_reservation_preference": "open",
                "capacity_reservation_target": []
              }
            ],
            "cpu_core_count": 2,
            "cpu_threads_per_core": 2,
            "credit_specification": [],
            "disable_api_termination": false,
            "ebs_block_device": [],
            "ebs_optimized": false,
            "enclave_options": [
              {
                "enabled": false
              }
            ],
            "ephemeral_block_device": [],
            "get_password_data": false,
            "hibernation": false,
            "host_id": null,
            "iam_instance_profile": "",
            "id": "i-0e91310424eb75da3",
            "instance_initiated_shutdown_behavior": "stop",
            "instance_state": "running",
            "instance_type": "m5.xlarge",
            "ipv6_address_count": 0,
            "ipv6_addresses": [],
            "key_name": "aws-ec2-g7",
            "launch_template": [],
            "maintenance_options": [
              {
                "auto_recovery": "default"
              }
            ],
            "metadata_options": [
              {
                "http_endpoint": "enabled",
                "http_put_response_hop_limit": 1,
                "http_tokens": "optional",
                "instance_metadata_tags": "disabled"
              }
            ],
            "monitoring": false,
            "network_interface": [],
            "outpost_arn": "",
            "password_data": "",
            "placement_group": "",
            "placement_partition_number": null,
            "primary_network_interface_id": "eni-00d0d9e953ace45ca",
            "private_dns": "ip-172-31-34-0.us-east-2.compute.internal",
            "private_ip": "172.31.34.0",
            "public_dns": "ec2-3-22-99-208.us-east-2.compute.amazonaws.com",
            "public_ip": "3.22.99.208",
            "root_block_device": [
              {
                "delete_on_termination": true,
                "device_name": "/dev/sda1",
                "encrypted": false,
                "iops": 100,
                "kms_key_id": "",
                "tags": {},
                "throughput": 0,
                "volume_id": "vol-07962238c978c948b",
                "volume_size": 8,
                "volume_type": "gp2"
              }
            ],
            "secondary_private_ips": [],
            "security_groups": [
              "ec2_group7"
            ],
            "source_dest_check": true,
            "subnet_id": "subnet-0b4029733ab666a71",
            "tags": {
              "Name": "ec2_group7"
            },
            "tags_all": {
              "Name": "ec2_group7"
            },
            "tenancy": "default",
            "timeouts": null,
            "user_data": "2cd95f143642e82eff8ac71fdecbf5520df33352",
            "user_data_base64": null,
            "user_data_replace_on_change": false,
            "volume_tags": null,
            "vpc_security_group_ids": [
              "sg-0266a5d6ca841dcbe"
            ]
          },
          "sensitive_attributes": [],
          "private": "eyJlMmJmYjczMC1lY2FhLTExZTYtOGY4OC0zNDM2M2JjN2M0YzAiOnsiY3JlYXRlIjo2MDAwMDAwMDAwMDAsImRlbGV0ZSI6MTIwMDAwMDAwMDAwMCwidXBkYXRlIjo2MDAwMDAwMDAwMDB9LCJzY2hlbWFfdmVyc2lvbiI6IjEifQ==",
          "dependencies": [
            "aws_key_pair.aws-ec2-g7",
            "aws_security_group.instance_sg"
          ]
        }
      ]
    },
    {
      "mode": "managed",
      "type": "aws_key_pair",
      "name": "aws-ec2-g7",
      "provider": "provider[\"registry.terraform.io/hashicorp/aws\"]",
      "instances": [
        {
          "schema_version": 1,
          "attributes": {
            "arn": "arn:aws:ec2:us-east-2:984163881352:key-pair/aws-ec2-g7",
            "fingerprint": "d3:01:1a:1b:35:bc:52:27:94:7b:22:93:ec:bc:2b:b4",
            "id": "aws-ec2-g7",
            "key_name": "aws-ec2-g7",
            "key_name_prefix": "",
            "key_pair_id": "key-04a58e6f290a6124e",
            "public_key": "ssh-rsa AAAAB3NzaC1yc2EAAAADAQABAAABgQC91zgKW0tEx9gA7A7ms7ztnovsucjD/5ptpxtImcx3u6Lf48ssQD//+hN+6aRus6V98zvGmjhSh2CyvbZoGFdC5aPeOxdCsuZxauhhHNL4kWy3U8OkXr+vRdCVyBGdzUcMQaX4BkprcFwCrzri9wdPoMVJZn3DvpRU9S3maGSUPv0FIJfg7i4O5uYXdgwIYiYYVxlKxbwategM6119RHfTEM5iCPxazXccAjuW49tl+HDYozNIsLGBRA+iapXpfdCuEvjhwSpejhuTG7d75jukIRAf2pt0hZ+h8Er4KGO9B/rqrRNkHTqcdnTTawjOPIkid/eTdHRd33LMYPNniMNHDWGqlT47JPFgN+4BCXz1EB+nj8Z/y7CBUncfeEiE4nlKN0D/qOQiRGVxwZawU/NDjvHoyqVcALBRxpShN68G3bwYqRfF0x+ZXOxJRz9E/NFUdztQHGNJcD+WB8Nte/+Ef0k9xZQE1wOFwNVbtGM7uyW/Z226Xuwmpa2Glzb7ZGk= abogo@LAPTOP-Q932SLD5",
            "tags": {},
            "tags_all": {}
          },
          "sensitive_attributes": [],
          "private": "eyJzY2hlbWFfdmVyc2lvbiI6IjEifQ=="
        }
      ]
    },
    {
      "mode": "managed",
      "type": "aws_security_group",
      "name": "instance_sg",
      "provider": "provider[\"registry.terraform.io/hashicorp/aws\"]",
      "instances": [
        {
          "schema_version": 1,
          "attributes": {
            "arn": "arn:aws:ec2:us-east-2:984163881352:security-group/sg-0266a5d6ca841dcbe",
            "description": "Managed by Terraform",
            "egress": [
              {
                "cidr_blocks": [
                  "0.0.0.0/0"
                ],
                "description": "",
                "from_port": 0,
                "ipv6_cidr_blocks": [],
                "prefix_list_ids": [],
                "protocol": "-1",
                "security_groups": [],
                "self": false,
                "to_port": 0
              },
              {
                "cidr_blocks": [
                  "0.0.0.0/0"
                ],
                "description": "",
                "from_port": 22,
                "ipv6_cidr_blocks": [],
                "prefix_list_ids": [],
                "protocol": "tcp",
                "security_groups": [],
                "self": false,
                "to_port": 22
              }
            ],
            "id": "sg-0266a5d6ca841dcbe",
            "ingress": [
              {
                "cidr_blocks": [
                  "0.0.0.0/0"
                ],
                "description": "",
                "from_port": 22,
                "ipv6_cidr_blocks": [],
                "prefix_list_ids": [],
                "protocol": "ssh",
                "security_groups": [],
                "self": false,
                "to_port": 22
              },
              {
                "cidr_blocks": [
                  "0.0.0.0/0"
                ],
                "description": null,
                "from_port": 80,
                "ipv6_cidr_blocks": [],
                "prefix_list_ids": [],
                "protocol": "tcp",
                "security_groups": [],
                "self": false,
                "to_port": 80
              }
            ],
            "name": "ec2_group7",
            "name_prefix": "",
            "owner_id": "984163881352",
            "revoke_rules_on_delete": false,
            "tags": {},
            "tags_all": {},
            "timeouts": null,
            "vpc_id": "vpc-0062bede9dabd2ad6"
          },
          "sensitive_attributes": [],
          "private": "eyJlMmJmYjczMC1lY2FhLTExZTYtOGY4OC0zNDM2M2JjN2M0YzAiOnsiY3JlYXRlIjo2MDAwMDAwMDAwMDAsImRlbGV0ZSI6OTAwMDAwMDAwMDAwfSwic2NoZW1hX3ZlcnNpb24iOiIxIn0="
        }
      ]
    }
  ]
}
